
Microsoft Visual Studio Solution File, Format Version 12.00
# Visual Studio 15
VisualStudioVersion = 15.0.27130.2027
MinimumVisualStudioVersion = 10.0.40219.1
Project("{9A19103F-16F7-4668-BE54-9A1E7A4F7556}") = "WebAPI", "WebAPI\WebAPI.csproj", "{AF825D6F-55D1-4F2E-9FDD-9D75B503820E}"
EndProject
Global
	GlobalSection(SolutionConfigurationPlatforms) = preSolution
		Debug|Any CPU = Debug|Any CPU
		Release|Any CPU = Release|Any CPU
	EndGlobalSection
	GlobalSection(ProjectConfigurationPlatforms) = postSolution
		{AF825D6F-55D1-4F2E-9FDD-9D75B503820E}.Debug|Any CPU.ActiveCfg = Debug|Any CPU
		{AF825D6F-55D1-4F2E-9FDD-9D75B503820E}.Debug|Any CPU.Build.0 = Debug|Any CPU
		{AF825D6F-55D1-4F2E-9FDD-9D75B503820E}.Release|Any CPU.ActiveCfg = Release|Any CPU
		{AF825D6F-55D1-4F2E-9FDD-9D75B503820E}.Release|Any CPU.Build.0 = Release|Any CPU
	EndGlobalSection
	GlobalSection(SolutionProperties) = preSolution
		HideSolutionNode = FALSE
	EndGlobalSection
	GlobalSection(ExtensibilityGlobals) = postSolution
		SolutionGuid = {BC2F8497-FB7C-48A6-92E9-205714E6F3B3}
	EndGlobalSection
EndGlobal
